
Microsoft Visual Studio Solution File, Format Version 12.00
# Visual Studio 2012
Project("{FAE04EC0-301F-11D3-BF4B-00C04F79EFBC}") = "K-Means", "K-Means\K-Means.csproj", "{2469B7D1-24CA-473C-AE0F-CFB3E0BA33DD}"
EndProject
Global
	GlobalSection(SolutionConfigurationPlatforms) = preSolution
		Debug|Any CPU = Debug|Any CPU
		Release|Any CPU = Release|Any CPU
	EndGlobalSection
	GlobalSection(ProjectConfigurationPlatforms) = postSolution
		{2469B7D1-24CA-473C-AE0F-CFB3E0BA33DD}.Debug|Any CPU.ActiveCfg = Debug|Any CPU
		{2469B7D1-24CA-473C-AE0F-CFB3E0BA33DD}.Debug|Any CPU.Build.0 = Debug|Any CPU
		{2469B7D1-24CA-473C-AE0F-CFB3E0BA33DD}.Release|Any CPU.ActiveCfg = Release|Any CPU
		{2469B7D1-24CA-473C-AE0F-CFB3E0BA33DD}.Release|Any CPU.Build.0 = Release|Any CPU
	EndGlobalSection
	GlobalSection(SolutionProperties) = preSolution
		HideSolutionNode = FALSE
	EndGlobalSection
EndGlobal
